
Microsoft Visual Studio Solution File, Format Version 12.00
# Visual Studio Version 16
VisualStudioVersion = 16.0.31005.135
MinimumVisualStudioVersion = 10.0.40219.1
Project("{FAE04EC0-301F-11D3-BF4B-00C04F79EFBC}") = "2DAdventure", "2DAdventure.csproj", "{661D941C-5BC9-4799-A6BD-30596E9023D3}"
EndProject
Global
	GlobalSection(SolutionConfigurationPlatforms) = preSolution
		Debug|Any CPU = Debug|Any CPU
		Release|Any CPU = Release|Any CPU
	EndGlobalSection
	GlobalSection(ProjectConfigurationPlatforms) = postSolution
		{661D941C-5BC9-4799-A6BD-30596E9023D3}.Debug|Any CPU.ActiveCfg = Debug|Any CPU
		{661D941C-5BC9-4799-A6BD-30596E9023D3}.Debug|Any CPU.Build.0 = Debug|Any CPU
		{661D941C-5BC9-4799-A6BD-30596E9023D3}.Release|Any CPU.ActiveCfg = Release|Any CPU
		{661D941C-5BC9-4799-A6BD-30596E9023D3}.Release|Any CPU.Build.0 = Release|Any CPU
	EndGlobalSection
	GlobalSection(SolutionProperties) = preSolution
		HideSolutionNode = FALSE
	EndGlobalSection
	GlobalSection(ExtensibilityGlobals) = postSolution
		SolutionGuid = {F705EB47-9956-4D7E-A98B-54B10C3E0A50}
	EndGlobalSection
EndGlobal
